<?xml version="1.0" encoding="UTF-8" standalone="yes" ?>
<CodeBlocks_project_file>
	<FileVersion major="1" minor="6" />
	<Project>
		<Option title="debbugger_gdbmi" />
		<Option pch_mode="2" />
		<Option compiler="gcc" />
		<Build>
			<Target title="Debug">
				<Option output="libdebugger_gdbmi" prefix_auto="1" extension_auto="1" />
				<Option type="3" />
				<Option compiler="gcc" />
				<Option host_application="codeblocks" />
				<Compiler>
					<Add option="-Wall" />
					<Add option="-g" />
					<Add option="`wx-config --cflags`" />
				</Compiler>
				<Linker>
					<Add option="`wx-config --libs`" />
					<Add option="-z defs" />
				</Linker>
				<ExtraCommands>
					<Add after="rm -f $(#cb_sdk)/devel/share/codeblocks/debugger_gdbmi.zip" />
					<Add after="cp libdebugger_gdbmi.so $(#cb_sdk)/devel/share/codeblocks/plugins/" />
					<Add after="zip -j9 $(#cb_sdk)/devel/share/codeblocks/debugger_gdbmi.zip resource/manifest.xml resource/*.xrc" />
				</ExtraCommands>
			</Target>
		</Build>
		<Compiler>
			<Add option="-fPIC" />
			<Add directory="$(#cb_sdk.include)" />
			<Add directory="src" />
		</Compiler>
		<Linker>
			<Add library="codeblocks" />
			<Add directory="$(#cb_sdk.lib)" />
		</Linker>
		<Unit filename="Debugger_GDB_MI.cpp" />
		<Unit filename="Debugger_GDB_MI.h" />
		<Unit filename="resource/debugger_gdbmi_menu.xrc" />
		<Unit filename="resource/manifest.xml" />
		<Unit filename="src/actions.cpp" />
		<Unit filename="src/actions.h" />
		<Unit filename="src/cmd_queue.cpp" />
		<Unit filename="src/cmd_queue.h" />
		<Unit filename="src/cmd_result_parser.cpp" />
		<Unit filename="src/cmd_result_parser.h" />
		<Unit filename="src/cmd_result_tokens.cpp" />
		<Unit filename="src/cmd_result_tokens.h" />
		<Unit filename="src/events.cpp" />
		<Unit filename="src/events.h" />
		<Unit filename="src/frame.cpp" />
		<Unit filename="src/frame.h" />
		<Extensions>
			<envvars />
			<code_completion />
			<debugger />
			<wxsmith version="1">
				<gui name="wxWidgets" src="" main="" init_handlers="necessary" language="CPP" />
			</wxsmith>
		</Extensions>
	</Project>
</CodeBlocks_project_file>
