<?xml version="1.0" encoding="UTF-8" standalone="yes" ?>
<CodeBlocks_project_file>
	<FileVersion major="1" minor="6" />
	<Project>
		<Option title="debbugger_gdbmi" />
		<Option pch_mode="2" />
		<Option compiler="gcc" />
		<Build>
			<Target title="debug_unix">
				<Option output="libdebugger_gdbmi.so" prefix_auto="0" extension_auto="0" />
				<Option type="3" />
				<Option compiler="gcc" />
				<Option parameters="-p debug" />
				<Option host_application="$(#cb_sdk.lib)/codeblocks" />
				<Option run_host_application_in_terminal="0" />
				<Compiler>
					<Add option="-g" />
					<Add option="-fPIC" />
					<Add option="`wx-config --cflags`" />
				</Compiler>
				<Linker>
					<Add option="-z defs" />
					<Add option="`wx-config --libs`" />
				</Linker>
				<ExtraCommands>
					<Add after="rm -f $(#cb_sdk)/devel/share/codeblocks/debugger_gdbmi.zip" />
					<Add after="cp libdebugger_gdbmi.so $(#cb_sdk)/devel/share/codeblocks/plugins/" />
					<Add after="zip -j9 $(#cb_sdk)/devel/share/codeblocks/debugger_gdbmi.zip resource/manifest.xml resource/*.xrc" />
				</ExtraCommands>
			</Target>
			<Target title="debug_win32">
				<Option platforms="Windows;" />
				<Option output="debugger_gdbmi" prefix_auto="0" extension_auto="1" />
				<Option type="3" />
				<Option compiler="gcc" />
				<Option host_application="/home/obfuscated/projects/codeblocks/git/src/devel/codeblocks" />
				<Option run_host_application_in_terminal="0" />
				<Compiler>
					<Add option="-Wall" />
					<Add option="-g" />
					<Add option="-DHAVE_W32API_H" />
					<Add option="-D__WXMSW__" />
					<Add option="-DWXUSINGDLL" />
					<Add option="-DwxUSE_UNICODE" />
					<Add option="-DBUILDING_PLUGIN" />
					<Add directory="$(#WX.include)" />
					<Add directory="$(#wx)/contrib/include" />
					<Add directory="$(#WX.lib)/gcc_dll$(WX_CFG)/msw$(WX_SUFFIX)" />
					<Add directory="sdk/wxscintilla/include" />
				</Compiler>
				<Linker>
					<Add option="-Wl,--enable-auto-image-base" />
					<Add option="-Wl,--add-stdcall-alias" />
					<Add option="-Wl,--enable-auto-import" />
					<Add library="wxmsw28U" />
					<Add directory="$(#WX.lib)/gcc_dll$(WX_CFG)" />
				</Linker>
				<ExtraCommands>
					<Add after="rm -f $(#cb_sdk)/devel/share/codeblocks/debugger_gdbmi.zip" />
					<Add after="cp debugger_gdbmi.dll $(#cb_sdk)/devel/share/codeblocks/plugins/debugger_gdbmi.dll" />
					<Add after="zip -j9 $(#cb_sdk)/devel/share/codeblocks/debugger_gdbmi.zip resource/manifest.xml resource/*.xrc" />
				</ExtraCommands>
			</Target>
		</Build>
		<Compiler>
			<Add option="-Wextra" />
			<Add option="-Wall" />
			<Add directory="src" />
			<Add directory="$(#cb_sdk.include)" />
		</Compiler>
		<Linker>
			<Add library="codeblocks" />
			<Add directory="$(#cb_sdk.lib)" />
		</Linker>
		<Unit filename="Debugger_GDB_MI.cpp" />
		<Unit filename="Debugger_GDB_MI.h" />
		<Unit filename="config_panel.cpp" />
		<Unit filename="config_panel.h" />
		<Unit filename="resource/debugger_gdbmi_menu.xrc" />
		<Unit filename="resource/manifest.xml" />
		<Unit filename="src/actions.cpp" />
		<Unit filename="src/actions.h" />
		<Unit filename="src/cmd_queue.cpp" />
		<Unit filename="src/cmd_queue.h" />
		<Unit filename="src/cmd_result_parser.cpp" />
		<Unit filename="src/cmd_result_parser.h" />
		<Unit filename="src/cmd_result_tokens.cpp" />
		<Unit filename="src/cmd_result_tokens.h" />
		<Unit filename="src/config.cpp" />
		<Unit filename="src/config.h" />
		<Unit filename="src/definitions.cpp" />
		<Unit filename="src/definitions.h" />
		<Unit filename="src/events.cpp" />
		<Unit filename="src/events.h" />
		<Unit filename="src/frame.cpp" />
		<Unit filename="src/frame.h" />
		<Unit filename="src/gdb_executor.cpp" />
		<Unit filename="src/gdb_executor.h" />
		<Unit filename="src/updated_variable.cpp" />
		<Unit filename="src/updated_variable.h" />
		<Unit filename="wxsmith/config_panel.wxs" />
		<Extensions>
			<envvars />
			<code_completion />
			<debugger />
			<wxsmith version="1">
				<gui name="wxWidgets" src="" main="" init_handlers="necessary" language="CPP" />
				<resources>
					<wxPanel wxs="wxsmith/config_panel.wxs" src="src/config.cpp" hdr="src/config.h" fwddecl="1" i18n="1" name="ConfigurationPanel" language="CPP" />
				</resources>
			</wxsmith>
		</Extensions>
	</Project>
</CodeBlocks_project_file>
