<?xml version="1.0" encoding="UTF-8" standalone="yes" ?>
<CodeBlocks_project_file>
	<FileVersion major="1" minor="6" />
	<Project>
		<Option title="test" />
		<Option pch_mode="2" />
		<Option compiler="gcc" />
		<Build>
			<Target title="debug_unix">
				<Option output="bin/debug/test" prefix_auto="1" extension_auto="1" />
				<Option object_output=".obj/debug/" />
				<Option external_deps="Debugger_GDB_MI.so;" />
				<Option additional_output="bin/debug/test;" />
				<Option type="1" />
				<Option compiler="gcc" />
				<Compiler>
					<Add option="-g" />
				</Compiler>
			</Target>
		</Build>
		<Compiler>
			<Add option="-Wall" />
			<Add option="-fexceptions" />
			<Add option="`wx-config --cflags`" />
			<Add option="-DTEST_PROJECT" />
			<Add directory="$(#unittest_pp)/src/" />
			<Add directory="src" />
			<Add directory="$(#cb_sdk.include)" />
		</Compiler>
		<Linker>
			<Add option="`wx-config --libs`" />
			<Add option="-Wl,-rpath=$(#cb_sdk.lib)" />
			<Add library="UnitTest++" />
			<Add library="codeblocks" />
			<Add library="wxscintilla" />
			<Add library="wxpropgrid" />
			<Add directory="$(#unittest_pp)/" />
			<Add directory="$(#cb_sdk.lib)" />
		</Linker>
		<ExtraCommands>
			<Add after="$(TARGET_OUTPUT_FILE)" />
		</ExtraCommands>
		<Unit filename="src/cmd_queue.cpp" />
		<Unit filename="src/cmd_queue.h" />
		<Unit filename="src/cmd_result_parser.cpp" />
		<Unit filename="src/cmd_result_parser.h" />
		<Unit filename="src/cmd_result_tokens.cpp" />
		<Unit filename="src/cmd_result_tokens.h" />
		<Unit filename="src/definitions.cpp" />
		<Unit filename="src/definitions.h" />
		<Unit filename="src/events.cpp" />
		<Unit filename="src/events.h" />
		<Unit filename="src/frame.cpp" />
		<Unit filename="src/frame.h" />
		<Unit filename="src/updated_variable.cpp" />
		<Unit filename="src/updated_variable.h" />
		<Unit filename="tests/main.cpp" />
		<Unit filename="tests/mock_command_executor.h" />
		<Unit filename="tests/test_cmd_queue.cpp" />
		<Unit filename="tests/test_frame.cpp" />
		<Unit filename="tests/test_result_parser.cpp" />
		<Unit filename="tests/test_updated_variable.cpp" />
		<Unit filename="tests/test_watches.cpp" />
		<Extensions>
			<envvars />
			<code_completion />
			<debugger />
		</Extensions>
	</Project>
</CodeBlocks_project_file>
